
Microsoft Visual Studio Solution File, Format Version 12.00
# Visual Studio Version 17
VisualStudioVersion = 17.6.33723.286
MinimumVisualStudioVersion = 10.0.40219.1
Project("{8BC9CEB8-8B4A-11D0-8D11-00A0C91BC942}") = "le01", "le01\le01.vcxproj", "{0AB69E0D-3121-48A4-A5F4-1EB2255BDA51}"
EndProject
Project("{8BC9CEB8-8B4A-11D0-8D11-00A0C91BC942}") = "le09", "le09\le09.vcxproj", "{AEE42D1E-21CD-40F7-A9CF-F2AD30CBD718}"
EndProject
Project("{8BC9CEB8-8B4A-11D0-8D11-00A0C91BC942}") = "le12", "le12\le12.vcxproj", "{2F9BA7EA-A6BC-480F-8DDF-002A903B9D3F}"
EndProject
Project("{8BC9CEB8-8B4A-11D0-8D11-00A0C91BC942}") = "DZ04", "DZ04\DZ04.vcxproj", "{591C9D9B-4DEA-4C2B-A73A-76E58E21E1ED}"
EndProject
Project("{8BC9CEB8-8B4A-11D0-8D11-00A0C91BC942}") = "le24", "le24\le24.vcxproj", "{5B8F75B0-762C-4284-AB2D-8CF0FFD03ECE}"
EndProject
Project("{8BC9CEB8-8B4A-11D0-8D11-00A0C91BC942}") = "DZ06", "DZ06\DZ06.vcxproj", "{DC9EA5BD-EC5E-42B3-A58E-08CF90707447}"
EndProject
Project("{8BC9CEB8-8B4A-11D0-8D11-00A0C91BC942}") = "le25 Massiv", "le25 Massiv\le25 Massiv.vcxproj", "{6869778D-D8A9-48ED-9299-B4877EB45759}"
EndProject
Project("{8BC9CEB8-8B4A-11D0-8D11-00A0C91BC942}") = "le33", "le33\le33.vcxproj", "{AA8058ED-A15F-449A-8D92-A3543729D09E}"
EndProject
Project("{8BC9CEB8-8B4A-11D0-8D11-00A0C91BC942}") = "le26", "le26\le26.vcxproj", "{F3DC65DD-6FFC-4CA5-972B-0AB568558766}"
EndProject
Project("{8BC9CEB8-8B4A-11D0-8D11-00A0C91BC942}") = "le34", "le34\le34.vcxproj", "{DCA6BA8C-E1B5-4FC9-AF23-A07C76B2BD8C}"
EndProject
Project("{8BC9CEB8-8B4A-11D0-8D11-00A0C91BC942}") = "le27", "le27\le27.vcxproj", "{910668B7-66A7-406D-865C-9477A2192AE4}"
EndProject
Project("{8BC9CEB8-8B4A-11D0-8D11-00A0C91BC942}") = "le28", "le28\le28.vcxproj", "{F0BB447B-BCB2-43FA-BE99-728FE9F68AB0}"
EndProject
Project("{8BC9CEB8-8B4A-11D0-8D11-00A0C91BC942}") = "le29", "le29\le29.vcxproj", "{F84C8338-F4CA-47A4-9C10-F6F16957DFE7}"
EndProject
Project("{8BC9CEB8-8B4A-11D0-8D11-00A0C91BC942}") = "le35", "le35\le35.vcxproj", "{9F6C290C-2DD5-4CAB-9D0E-C2B51A4A3275}"
EndProject
Project("{8BC9CEB8-8B4A-11D0-8D11-00A0C91BC942}") = "le36", "le36\le36.vcxproj", "{2C3B3DC8-E506-4C2F-B1C9-5AEC0CDA9437}"
EndProject
Project("{8BC9CEB8-8B4A-11D0-8D11-00A0C91BC942}") = "le37", "le37\le37.vcxproj", "{CFDA9E70-BC29-4189-80EA-07B4DB93ACD2}"
EndProject
Global
	GlobalSection(SolutionConfigurationPlatforms) = preSolution
		Debug|x64 = Debug|x64
		Debug|x86 = Debug|x86
		Release|x64 = Release|x64
		Release|x86 = Release|x86
	EndGlobalSection
	GlobalSection(ProjectConfigurationPlatforms) = postSolution
		{0AB69E0D-3121-48A4-A5F4-1EB2255BDA51}.Debug|x64.ActiveCfg = Debug|x64
		{0AB69E0D-3121-48A4-A5F4-1EB2255BDA51}.Debug|x64.Build.0 = Debug|x64
		{0AB69E0D-3121-48A4-A5F4-1EB2255BDA51}.Debug|x86.ActiveCfg = Debug|Win32
		{0AB69E0D-3121-48A4-A5F4-1EB2255BDA51}.Debug|x86.Build.0 = Debug|Win32
		{0AB69E0D-3121-48A4-A5F4-1EB2255BDA51}.Release|x64.ActiveCfg = Release|x64
		{0AB69E0D-3121-48A4-A5F4-1EB2255BDA51}.Release|x64.Build.0 = Release|x64
		{0AB69E0D-3121-48A4-A5F4-1EB2255BDA51}.Release|x86.ActiveCfg = Release|Win32
		{0AB69E0D-3121-48A4-A5F4-1EB2255BDA51}.Release|x86.Build.0 = Release|Win32
		{AEE42D1E-21CD-40F7-A9CF-F2AD30CBD718}.Debug|x64.ActiveCfg = Debug|x64
		{AEE42D1E-21CD-40F7-A9CF-F2AD30CBD718}.Debug|x64.Build.0 = Debug|x64
		{AEE42D1E-21CD-40F7-A9CF-F2AD30CBD718}.Debug|x86.ActiveCfg = Debug|Win32
		{AEE42D1E-21CD-40F7-A9CF-F2AD30CBD718}.Debug|x86.Build.0 = Debug|Win32
		{AEE42D1E-21CD-40F7-A9CF-F2AD30CBD718}.Release|x64.ActiveCfg = Release|x64
		{AEE42D1E-21CD-40F7-A9CF-F2AD30CBD718}.Release|x64.Build.0 = Release|x64
		{AEE42D1E-21CD-40F7-A9CF-F2AD30CBD718}.Release|x86.ActiveCfg = Release|Win32
		{AEE42D1E-21CD-40F7-A9CF-F2AD30CBD718}.Release|x86.Build.0 = Release|Win32
		{2F9BA7EA-A6BC-480F-8DDF-002A903B9D3F}.Debug|x64.ActiveCfg = Debug|x64
		{2F9BA7EA-A6BC-480F-8DDF-002A903B9D3F}.Debug|x64.Build.0 = Debug|x64
		{2F9BA7EA-A6BC-480F-8DDF-002A903B9D3F}.Debug|x86.ActiveCfg = Debug|Win32
		{2F9BA7EA-A6BC-480F-8DDF-002A903B9D3F}.Debug|x86.Build.0 = Debug|Win32
		{2F9BA7EA-A6BC-480F-8DDF-002A903B9D3F}.Release|x64.ActiveCfg = Release|x64
		{2F9BA7EA-A6BC-480F-8DDF-002A903B9D3F}.Release|x64.Build.0 = Release|x64
		{2F9BA7EA-A6BC-480F-8DDF-002A903B9D3F}.Release|x86.ActiveCfg = Release|Win32
		{2F9BA7EA-A6BC-480F-8DDF-002A903B9D3F}.Release|x86.Build.0 = Release|Win32
		{591C9D9B-4DEA-4C2B-A73A-76E58E21E1ED}.Debug|x64.ActiveCfg = Debug|x64
		{591C9D9B-4DEA-4C2B-A73A-76E58E21E1ED}.Debug|x64.Build.0 = Debug|x64
		{591C9D9B-4DEA-4C2B-A73A-76E58E21E1ED}.Debug|x86.ActiveCfg = Debug|Win32
		{591C9D9B-4DEA-4C2B-A73A-76E58E21E1ED}.Debug|x86.Build.0 = Debug|Win32
		{591C9D9B-4DEA-4C2B-A73A-76E58E21E1ED}.Release|x64.ActiveCfg = Release|x64
		{591C9D9B-4DEA-4C2B-A73A-76E58E21E1ED}.Release|x64.Build.0 = Release|x64
		{591C9D9B-4DEA-4C2B-A73A-76E58E21E1ED}.Release|x86.ActiveCfg = Release|Win32
		{591C9D9B-4DEA-4C2B-A73A-76E58E21E1ED}.Release|x86.Build.0 = Release|Win32
		{5B8F75B0-762C-4284-AB2D-8CF0FFD03ECE}.Debug|x64.ActiveCfg = Debug|x64
		{5B8F75B0-762C-4284-AB2D-8CF0FFD03ECE}.Debug|x64.Build.0 = Debug|x64
		{5B8F75B0-762C-4284-AB2D-8CF0FFD03ECE}.Debug|x86.ActiveCfg = Debug|Win32
		{5B8F75B0-762C-4284-AB2D-8CF0FFD03ECE}.Debug|x86.Build.0 = Debug|Win32
		{5B8F75B0-762C-4284-AB2D-8CF0FFD03ECE}.Release|x64.ActiveCfg = Release|x64
		{5B8F75B0-762C-4284-AB2D-8CF0FFD03ECE}.Release|x64.Build.0 = Release|x64
		{5B8F75B0-762C-4284-AB2D-8CF0FFD03ECE}.Release|x86.ActiveCfg = Release|Win32
		{5B8F75B0-762C-4284-AB2D-8CF0FFD03ECE}.Release|x86.Build.0 = Release|Win32
		{DC9EA5BD-EC5E-42B3-A58E-08CF90707447}.Debug|x64.ActiveCfg = Debug|x64
		{DC9EA5BD-EC5E-42B3-A58E-08CF90707447}.Debug|x64.Build.0 = Debug|x64
		{DC9EA5BD-EC5E-42B3-A58E-08CF90707447}.Debug|x86.ActiveCfg = Debug|Win32
		{DC9EA5BD-EC5E-42B3-A58E-08CF90707447}.Debug|x86.Build.0 = Debug|Win32
		{DC9EA5BD-EC5E-42B3-A58E-08CF90707447}.Release|x64.ActiveCfg = Release|x64
		{DC9EA5BD-EC5E-42B3-A58E-08CF90707447}.Release|x64.Build.0 = Release|x64
		{DC9EA5BD-EC5E-42B3-A58E-08CF90707447}.Release|x86.ActiveCfg = Release|Win32
		{DC9EA5BD-EC5E-42B3-A58E-08CF90707447}.Release|x86.Build.0 = Release|Win32
		{6869778D-D8A9-48ED-9299-B4877EB45759}.Debug|x64.ActiveCfg = Debug|x64
		{6869778D-D8A9-48ED-9299-B4877EB45759}.Debug|x64.Build.0 = Debug|x64
		{6869778D-D8A9-48ED-9299-B4877EB45759}.Debug|x86.ActiveCfg = Debug|Win32
		{6869778D-D8A9-48ED-9299-B4877EB45759}.Debug|x86.Build.0 = Debug|Win32
		{6869778D-D8A9-48ED-9299-B4877EB45759}.Release|x64.ActiveCfg = Release|x64
		{6869778D-D8A9-48ED-9299-B4877EB45759}.Release|x64.Build.0 = Release|x64
		{6869778D-D8A9-48ED-9299-B4877EB45759}.Release|x86.ActiveCfg = Release|Win32
		{6869778D-D8A9-48ED-9299-B4877EB45759}.Release|x86.Build.0 = Release|Win32
		{AA8058ED-A15F-449A-8D92-A3543729D09E}.Debug|x64.ActiveCfg = Debug|x64
		{AA8058ED-A15F-449A-8D92-A3543729D09E}.Debug|x64.Build.0 = Debug|x64
		{AA8058ED-A15F-449A-8D92-A3543729D09E}.Debug|x86.ActiveCfg = Debug|Win32
		{AA8058ED-A15F-449A-8D92-A3543729D09E}.Debug|x86.Build.0 = Debug|Win32
		{AA8058ED-A15F-449A-8D92-A3543729D09E}.Release|x64.ActiveCfg = Release|x64
		{AA8058ED-A15F-449A-8D92-A3543729D09E}.Release|x64.Build.0 = Release|x64
		{AA8058ED-A15F-449A-8D92-A3543729D09E}.Release|x86.ActiveCfg = Release|Win32
		{AA8058ED-A15F-449A-8D92-A3543729D09E}.Release|x86.Build.0 = Release|Win32
		{F3DC65DD-6FFC-4CA5-972B-0AB568558766}.Debug|x64.ActiveCfg = Debug|x64
		{F3DC65DD-6FFC-4CA5-972B-0AB568558766}.Debug|x64.Build.0 = Debug|x64
		{F3DC65DD-6FFC-4CA5-972B-0AB568558766}.Debug|x86.ActiveCfg = Debug|Win32
		{F3DC65DD-6FFC-4CA5-972B-0AB568558766}.Debug|x86.Build.0 = Debug|Win32
		{F3DC65DD-6FFC-4CA5-972B-0AB568558766}.Release|x64.ActiveCfg = Release|x64
		{F3DC65DD-6FFC-4CA5-972B-0AB568558766}.Release|x64.Build.0 = Release|x64
		{F3DC65DD-6FFC-4CA5-972B-0AB568558766}.Release|x86.ActiveCfg = Release|Win32
		{F3DC65DD-6FFC-4CA5-972B-0AB568558766}.Release|x86.Build.0 = Release|Win32
		{DCA6BA8C-E1B5-4FC9-AF23-A07C76B2BD8C}.Debug|x64.ActiveCfg = Debug|x64
		{DCA6BA8C-E1B5-4FC9-AF23-A07C76B2BD8C}.Debug|x64.Build.0 = Debug|x64
		{DCA6BA8C-E1B5-4FC9-AF23-A07C76B2BD8C}.Debug|x86.ActiveCfg = Debug|Win32
		{DCA6BA8C-E1B5-4FC9-AF23-A07C76B2BD8C}.Debug|x86.Build.0 = Debug|Win32
		{DCA6BA8C-E1B5-4FC9-AF23-A07C76B2BD8C}.Release|x64.ActiveCfg = Release|x64
		{DCA6BA8C-E1B5-4FC9-AF23-A07C76B2BD8C}.Release|x64.Build.0 = Release|x64
		{DCA6BA8C-E1B5-4FC9-AF23-A07C76B2BD8C}.Release|x86.ActiveCfg = Release|Win32
		{DCA6BA8C-E1B5-4FC9-AF23-A07C76B2BD8C}.Release|x86.Build.0 = Release|Win32
		{910668B7-66A7-406D-865C-9477A2192AE4}.Debug|x64.ActiveCfg = Debug|x64
		{910668B7-66A7-406D-865C-9477A2192AE4}.Debug|x64.Build.0 = Debug|x64
		{910668B7-66A7-406D-865C-9477A2192AE4}.Debug|x86.ActiveCfg = Debug|Win32
		{910668B7-66A7-406D-865C-9477A2192AE4}.Debug|x86.Build.0 = Debug|Win32
		{910668B7-66A7-406D-865C-9477A2192AE4}.Release|x64.ActiveCfg = Release|x64
		{910668B7-66A7-406D-865C-9477A2192AE4}.Release|x64.Build.0 = Release|x64
		{910668B7-66A7-406D-865C-9477A2192AE4}.Release|x86.ActiveCfg = Release|Win32
		{910668B7-66A7-406D-865C-9477A2192AE4}.Release|x86.Build.0 = Release|Win32
		{F0BB447B-BCB2-43FA-BE99-728FE9F68AB0}.Debug|x64.ActiveCfg = Debug|x64
		{F0BB447B-BCB2-43FA-BE99-728FE9F68AB0}.Debug|x64.Build.0 = Debug|x64
		{F0BB447B-BCB2-43FA-BE99-728FE9F68AB0}.Debug|x86.ActiveCfg = Debug|Win32
		{F0BB447B-BCB2-43FA-BE99-728FE9F68AB0}.Debug|x86.Build.0 = Debug|Win32
		{F0BB447B-BCB2-43FA-BE99-728FE9F68AB0}.Release|x64.ActiveCfg = Release|x64
		{F0BB447B-BCB2-43FA-BE99-728FE9F68AB0}.Release|x64.Build.0 = Release|x64
		{F0BB447B-BCB2-43FA-BE99-728FE9F68AB0}.Release|x86.ActiveCfg = Release|Win32
		{F0BB447B-BCB2-43FA-BE99-728FE9F68AB0}.Release|x86.Build.0 = Release|Win32
		{F84C8338-F4CA-47A4-9C10-F6F16957DFE7}.Debug|x64.ActiveCfg = Debug|x64
		{F84C8338-F4CA-47A4-9C10-F6F16957DFE7}.Debug|x64.Build.0 = Debug|x64
		{F84C8338-F4CA-47A4-9C10-F6F16957DFE7}.Debug|x86.ActiveCfg = Debug|Win32
		{F84C8338-F4CA-47A4-9C10-F6F16957DFE7}.Debug|x86.Build.0 = Debug|Win32
		{F84C8338-F4CA-47A4-9C10-F6F16957DFE7}.Release|x64.ActiveCfg = Release|x64
		{F84C8338-F4CA-47A4-9C10-F6F16957DFE7}.Release|x64.Build.0 = Release|x64
		{F84C8338-F4CA-47A4-9C10-F6F16957DFE7}.Release|x86.ActiveCfg = Release|Win32
		{F84C8338-F4CA-47A4-9C10-F6F16957DFE7}.Release|x86.Build.0 = Release|Win32
		{9F6C290C-2DD5-4CAB-9D0E-C2B51A4A3275}.Debug|x64.ActiveCfg = Debug|x64
		{9F6C290C-2DD5-4CAB-9D0E-C2B51A4A3275}.Debug|x64.Build.0 = Debug|x64
		{9F6C290C-2DD5-4CAB-9D0E-C2B51A4A3275}.Debug|x86.ActiveCfg = Debug|Win32
		{9F6C290C-2DD5-4CAB-9D0E-C2B51A4A3275}.Debug|x86.Build.0 = Debug|Win32
		{9F6C290C-2DD5-4CAB-9D0E-C2B51A4A3275}.Release|x64.ActiveCfg = Release|x64
		{9F6C290C-2DD5-4CAB-9D0E-C2B51A4A3275}.Release|x64.Build.0 = Release|x64
		{9F6C290C-2DD5-4CAB-9D0E-C2B51A4A3275}.Release|x86.ActiveCfg = Release|Win32
		{9F6C290C-2DD5-4CAB-9D0E-C2B51A4A3275}.Release|x86.Build.0 = Release|Win32
		{2C3B3DC8-E506-4C2F-B1C9-5AEC0CDA9437}.Debug|x64.ActiveCfg = Debug|x64
		{2C3B3DC8-E506-4C2F-B1C9-5AEC0CDA9437}.Debug|x64.Build.0 = Debug|x64
		{2C3B3DC8-E506-4C2F-B1C9-5AEC0CDA9437}.Debug|x86.ActiveCfg = Debug|Win32
		{2C3B3DC8-E506-4C2F-B1C9-5AEC0CDA9437}.Debug|x86.Build.0 = Debug|Win32
		{2C3B3DC8-E506-4C2F-B1C9-5AEC0CDA9437}.Release|x64.ActiveCfg = Release|x64
		{2C3B3DC8-E506-4C2F-B1C9-5AEC0CDA9437}.Release|x64.Build.0 = Release|x64
		{2C3B3DC8-E506-4C2F-B1C9-5AEC0CDA9437}.Release|x86.ActiveCfg = Release|Win32
		{2C3B3DC8-E506-4C2F-B1C9-5AEC0CDA9437}.Release|x86.Build.0 = Release|Win32
		{CFDA9E70-BC29-4189-80EA-07B4DB93ACD2}.Debug|x64.ActiveCfg = Debug|x64
		{CFDA9E70-BC29-4189-80EA-07B4DB93ACD2}.Debug|x64.Build.0 = Debug|x64
		{CFDA9E70-BC29-4189-80EA-07B4DB93ACD2}.Debug|x86.ActiveCfg = Debug|Win32
		{CFDA9E70-BC29-4189-80EA-07B4DB93ACD2}.Debug|x86.Build.0 = Debug|Win32
		{CFDA9E70-BC29-4189-80EA-07B4DB93ACD2}.Release|x64.ActiveCfg = Release|x64
		{CFDA9E70-BC29-4189-80EA-07B4DB93ACD2}.Release|x64.Build.0 = Release|x64
		{CFDA9E70-BC29-4189-80EA-07B4DB93ACD2}.Release|x86.ActiveCfg = Release|Win32
		{CFDA9E70-BC29-4189-80EA-07B4DB93ACD2}.Release|x86.Build.0 = Release|Win32
	EndGlobalSection
	GlobalSection(SolutionProperties) = preSolution
		HideSolutionNode = FALSE
	EndGlobalSection
	GlobalSection(ExtensibilityGlobals) = postSolution
		SolutionGuid = {4B7C7914-5769-4DA7-97ED-F4EE253C036B}
	EndGlobalSection
EndGlobal
